
Microsoft Visual Studio Solution File, Format Version 12.00
# Visual Studio Version 17
VisualStudioVersion = 17.0.31903.59
MinimumVisualStudioVersion = 10.0.40219.1
Project("{2150E333-8FDC-42A3-9474-1A3956D46DE8}") = "1 - Presentation", "1 - Presentation", "{70E03A9D-EBE1-48C8-9AE8-9579C6EE163C}"
EndProject
Project("{2150E333-8FDC-42A3-9474-1A3956D46DE8}") = "2 - Business", "2 - Business", "{F58B1D29-0BC6-4096-9319-A2916C6D6E44}"
EndProject
Project("{2150E333-8FDC-42A3-9474-1A3956D46DE8}") = "3 - Infra", "3 - Infra", "{CAA2B009-47C6-45EC-BD96-39552ACA97FC}"
EndProject
Project("{FAE04EC0-301F-11D3-BF4B-00C04F79EFBC}") = "DevIO.Data", "DevIO.Data\DevIO.Data.csproj", "{742B973B-1C45-449B-AD86-377B3DE7670F}"
EndProject
Project("{FAE04EC0-301F-11D3-BF4B-00C04F79EFBC}") = "DevIO.Business", "DevIO.Business\DevIO.Business.csproj", "{A5CA4354-9185-4AAE-99CE-FDABF4EED28D}"
EndProject
Project("{FAE04EC0-301F-11D3-BF4B-00C04F79EFBC}") = "DevIO.Api", "DevIO.Api\DevIO.Api.csproj", "{CD046AE1-0331-44CB-8859-284DEA251467}"
EndProject
Global
	GlobalSection(SolutionConfigurationPlatforms) = preSolution
		Debug|Any CPU = Debug|Any CPU
		Release|Any CPU = Release|Any CPU
	EndGlobalSection
	GlobalSection(ProjectConfigurationPlatforms) = postSolution
		{742B973B-1C45-449B-AD86-377B3DE7670F}.Debug|Any CPU.ActiveCfg = Debug|Any CPU
		{742B973B-1C45-449B-AD86-377B3DE7670F}.Debug|Any CPU.Build.0 = Debug|Any CPU
		{742B973B-1C45-449B-AD86-377B3DE7670F}.Release|Any CPU.ActiveCfg = Release|Any CPU
		{742B973B-1C45-449B-AD86-377B3DE7670F}.Release|Any CPU.Build.0 = Release|Any CPU
		{A5CA4354-9185-4AAE-99CE-FDABF4EED28D}.Debug|Any CPU.ActiveCfg = Debug|Any CPU
		{A5CA4354-9185-4AAE-99CE-FDABF4EED28D}.Debug|Any CPU.Build.0 = Debug|Any CPU
		{A5CA4354-9185-4AAE-99CE-FDABF4EED28D}.Release|Any CPU.ActiveCfg = Release|Any CPU
		{A5CA4354-9185-4AAE-99CE-FDABF4EED28D}.Release|Any CPU.Build.0 = Release|Any CPU
		{CD046AE1-0331-44CB-8859-284DEA251467}.Debug|Any CPU.ActiveCfg = Debug|Any CPU
		{CD046AE1-0331-44CB-8859-284DEA251467}.Debug|Any CPU.Build.0 = Debug|Any CPU
		{CD046AE1-0331-44CB-8859-284DEA251467}.Release|Any CPU.ActiveCfg = Release|Any CPU
		{CD046AE1-0331-44CB-8859-284DEA251467}.Release|Any CPU.Build.0 = Release|Any CPU
	EndGlobalSection
	GlobalSection(SolutionProperties) = preSolution
		HideSolutionNode = FALSE
	EndGlobalSection
	GlobalSection(NestedProjects) = preSolution
		{742B973B-1C45-449B-AD86-377B3DE7670F} = {CAA2B009-47C6-45EC-BD96-39552ACA97FC}
		{A5CA4354-9185-4AAE-99CE-FDABF4EED28D} = {F58B1D29-0BC6-4096-9319-A2916C6D6E44}
		{CD046AE1-0331-44CB-8859-284DEA251467} = {70E03A9D-EBE1-48C8-9AE8-9579C6EE163C}
	EndGlobalSection
	GlobalSection(ExtensibilityGlobals) = postSolution
		SolutionGuid = {7118EDDA-91CA-4595-9316-A33262EE5F3E}
	EndGlobalSection
EndGlobal
